
Microsoft Visual Studio Solution File, Format Version 12.00
# Visual Studio 14
VisualStudioVersion = 14.0.25420.1
MinimumVisualStudioVersion = 10.0.40219.1
Project("{FAE04EC0-301F-11D3-BF4B-00C04F79EFBC}") = "StocksApp", "StocksApp\StocksApp\StocksApp.csproj", "{182E21AE-6F3C-448B-8998-2AC63E81C0FE}"
EndProject
Project("{FAE04EC0-301F-11D3-BF4B-00C04F79EFBC}") = "StocksApp.Droid", "StocksApp\StocksApp.Droid\StocksApp.Droid.csproj", "{B79DDDA2-1EED-4EDE-8949-88A8F9A5F3E8}"
EndProject
Project("{FAE04EC0-301F-11D3-BF4B-00C04F79EFBC}") = "StocksApp.iOS", "StocksApp\StocksApp.iOS\StocksApp.iOS.csproj", "{88BD06FF-1AA1-4EDD-94FE-AD2439665C76}"
EndProject
Project("{FAE04EC0-301F-11D3-BF4B-00C04F79EFBC}") = "StocksApp.WinPhone", "StocksApp\StocksApp.WinPhone\StocksApp.WinPhone.csproj", "{2F88700D-BC72-4CD9-946E-052217236D80}"
EndProject
Project("{FAE04EC0-301F-11D3-BF4B-00C04F79EFBC}") = "StocksApp.UWP", "StocksApp\StocksApp.UWP\StocksApp.UWP.csproj", "{2C14A12C-247E-48A9-9004-F7C88C6CAAAC}"
EndProject
Project("{FAE04EC0-301F-11D3-BF4B-00C04F79EFBC}") = "StocksApp.Windows", "StocksApp\StocksApp.Windows\StocksApp.Windows.csproj", "{0ADC7EDB-6F20-4362-BBED-CC7D0F6415D2}"
EndProject
Global
	GlobalSection(SolutionConfigurationPlatforms) = preSolution
		Ad-Hoc|Any CPU = Ad-Hoc|Any CPU
		Ad-Hoc|ARM = Ad-Hoc|ARM
		Ad-Hoc|iPhone = Ad-Hoc|iPhone
		Ad-Hoc|iPhoneSimulator = Ad-Hoc|iPhoneSimulator
		Ad-Hoc|x64 = Ad-Hoc|x64
		Ad-Hoc|x86 = Ad-Hoc|x86
		AppStore|Any CPU = AppStore|Any CPU
		AppStore|ARM = AppStore|ARM
		AppStore|iPhone = AppStore|iPhone
		AppStore|iPhoneSimulator = AppStore|iPhoneSimulator
		AppStore|x64 = AppStore|x64
		AppStore|x86 = AppStore|x86
		Debug|Any CPU = Debug|Any CPU
		Debug|ARM = Debug|ARM
		Debug|iPhone = Debug|iPhone
		Debug|iPhoneSimulator = Debug|iPhoneSimulator
		Debug|x64 = Debug|x64
		Debug|x86 = Debug|x86
		Release|Any CPU = Release|Any CPU
		Release|ARM = Release|ARM
		Release|iPhone = Release|iPhone
		Release|iPhoneSimulator = Release|iPhoneSimulator
		Release|x64 = Release|x64
		Release|x86 = Release|x86
	EndGlobalSection
	GlobalSection(ProjectConfigurationPlatforms) = postSolution
		{182E21AE-6F3C-448B-8998-2AC63E81C0FE}.Ad-Hoc|Any CPU.ActiveCfg = Release|Any CPU
		{182E21AE-6F3C-448B-8998-2AC63E81C0FE}.Ad-Hoc|Any CPU.Build.0 = Release|Any CPU
		{182E21AE-6F3C-448B-8998-2AC63E81C0FE}.Ad-Hoc|ARM.ActiveCfg = Release|Any CPU
		{182E21AE-6F3C-448B-8998-2AC63E81C0FE}.Ad-Hoc|ARM.Build.0 = Release|Any CPU
		{182E21AE-6F3C-448B-8998-2AC63E81C0FE}.Ad-Hoc|iPhone.ActiveCfg = Release|Any CPU
		{182E21AE-6F3C-448B-8998-2AC63E81C0FE}.Ad-Hoc|iPhone.Build.0 = Release|Any CPU
		{182E21AE-6F3C-448B-8998-2AC63E81C0FE}.Ad-Hoc|iPhoneSimulator.ActiveCfg = Release|Any CPU
		{182E21AE-6F3C-448B-8998-2AC63E81C0FE}.Ad-Hoc|iPhoneSimulator.Build.0 = Release|Any CPU
		{182E21AE-6F3C-448B-8998-2AC63E81C0FE}.Ad-Hoc|x64.ActiveCfg = Release|Any CPU
		{182E21AE-6F3C-448B-8998-2AC63E81C0FE}.Ad-Hoc|x64.Build.0 = Release|Any CPU
		{182E21AE-6F3C-448B-8998-2AC63E81C0FE}.Ad-Hoc|x86.ActiveCfg = Release|Any CPU
		{182E21AE-6F3C-448B-8998-2AC63E81C0FE}.Ad-Hoc|x86.Build.0 = Release|Any CPU
		{182E21AE-6F3C-448B-8998-2AC63E81C0FE}.AppStore|Any CPU.ActiveCfg = Release|Any CPU
		{182E21AE-6F3C-448B-8998-2AC63E81C0FE}.AppStore|Any CPU.Build.0 = Release|Any CPU
		{182E21AE-6F3C-448B-8998-2AC63E81C0FE}.AppStore|ARM.ActiveCfg = Release|Any CPU
		{182E21AE-6F3C-448B-8998-2AC63E81C0FE}.AppStore|ARM.Build.0 = Release|Any CPU
		{182E21AE-6F3C-448B-8998-2AC63E81C0FE}.AppStore|iPhone.ActiveCfg = Release|Any CPU
		{182E21AE-6F3C-448B-8998-2AC63E81C0FE}.AppStore|iPhone.Build.0 = Release|Any CPU
		{182E21AE-6F3C-448B-8998-2AC63E81C0FE}.AppStore|iPhoneSimulator.ActiveCfg = Release|Any CPU
		{182E21AE-6F3C-448B-8998-2AC63E81C0FE}.AppStore|iPhoneSimulator.Build.0 = Release|Any CPU
		{182E21AE-6F3C-448B-8998-2AC63E81C0FE}.AppStore|x64.ActiveCfg = Release|Any CPU
		{182E21AE-6F3C-448B-8998-2AC63E81C0FE}.AppStore|x64.Build.0 = Release|Any CPU
		{182E21AE-6F3C-448B-8998-2AC63E81C0FE}.AppStore|x86.ActiveCfg = Release|Any CPU
		{182E21AE-6F3C-448B-8998-2AC63E81C0FE}.AppStore|x86.Build.0 = Release|Any CPU
		{182E21AE-6F3C-448B-8998-2AC63E81C0FE}.Debug|Any CPU.ActiveCfg = Debug|Any CPU
		{182E21AE-6F3C-448B-8998-2AC63E81C0FE}.Debug|Any CPU.Build.0 = Debug|Any CPU
		{182E21AE-6F3C-448B-8998-2AC63E81C0FE}.Debug|ARM.ActiveCfg = Debug|Any CPU
		{182E21AE-6F3C-448B-8998-2AC63E81C0FE}.Debug|ARM.Build.0 = Debug|Any CPU
		{182E21AE-6F3C-448B-8998-2AC63E81C0FE}.Debug|iPhone.ActiveCfg = Debug|Any CPU
		{182E21AE-6F3C-448B-8998-2AC63E81C0FE}.Debug|iPhone.Build.0 = Debug|Any CPU
		{182E21AE-6F3C-448B-8998-2AC63E81C0FE}.Debug|iPhoneSimulator.ActiveCfg = Debug|Any CPU
		{182E21AE-6F3C-448B-8998-2AC63E81C0FE}.Debug|iPhoneSimulator.Build.0 = Debug|Any CPU
		{182E21AE-6F3C-448B-8998-2AC63E81C0FE}.Debug|x64.ActiveCfg = Debug|Any CPU
		{182E21AE-6F3C-448B-8998-2AC63E81C0FE}.Debug|x64.Build.0 = Debug|Any CPU
		{182E21AE-6F3C-448B-8998-2AC63E81C0FE}.Debug|x86.ActiveCfg = Debug|Any CPU
		{182E21AE-6F3C-448B-8998-2AC63E81C0FE}.Debug|x86.Build.0 = Debug|Any CPU
		{182E21AE-6F3C-448B-8998-2AC63E81C0FE}.Release|Any CPU.ActiveCfg = Release|Any CPU
		{182E21AE-6F3C-448B-8998-2AC63E81C0FE}.Release|Any CPU.Build.0 = Release|Any CPU
		{182E21AE-6F3C-448B-8998-2AC63E81C0FE}.Release|ARM.ActiveCfg = Release|Any CPU
		{182E21AE-6F3C-448B-8998-2AC63E81C0FE}.Release|ARM.Build.0 = Release|Any CPU
		{182E21AE-6F3C-448B-8998-2AC63E81C0FE}.Release|iPhone.ActiveCfg = Release|Any CPU
		{182E21AE-6F3C-448B-8998-2AC63E81C0FE}.Release|iPhone.Build.0 = Release|Any CPU
		{182E21AE-6F3C-448B-8998-2AC63E81C0FE}.Release|iPhoneSimulator.ActiveCfg = Release|Any CPU
		{182E21AE-6F3C-448B-8998-2AC63E81C0FE}.Release|iPhoneSimulator.Build.0 = Release|Any CPU
		{182E21AE-6F3C-448B-8998-2AC63E81C0FE}.Release|x64.ActiveCfg = Release|Any CPU
		{182E21AE-6F3C-448B-8998-2AC63E81C0FE}.Release|x64.Build.0 = Release|Any CPU
		{182E21AE-6F3C-448B-8998-2AC63E81C0FE}.Release|x86.ActiveCfg = Release|Any CPU
		{182E21AE-6F3C-448B-8998-2AC63E81C0FE}.Release|x86.Build.0 = Release|Any CPU
		{B79DDDA2-1EED-4EDE-8949-88A8F9A5F3E8}.Ad-Hoc|Any CPU.ActiveCfg = Release|Any CPU
		{B79DDDA2-1EED-4EDE-8949-88A8F9A5F3E8}.Ad-Hoc|Any CPU.Build.0 = Release|Any CPU
		{B79DDDA2-1EED-4EDE-8949-88A8F9A5F3E8}.Ad-Hoc|Any CPU.Deploy.0 = Release|Any CPU
		{B79DDDA2-1EED-4EDE-8949-88A8F9A5F3E8}.Ad-Hoc|ARM.ActiveCfg = Release|Any CPU
		{B79DDDA2-1EED-4EDE-8949-88A8F9A5F3E8}.Ad-Hoc|ARM.Build.0 = Release|Any CPU
		{B79DDDA2-1EED-4EDE-8949-88A8F9A5F3E8}.Ad-Hoc|ARM.Deploy.0 = Release|Any CPU
		{B79DDDA2-1EED-4EDE-8949-88A8F9A5F3E8}.Ad-Hoc|iPhone.ActiveCfg = Release|Any CPU
		{B79DDDA2-1EED-4EDE-8949-88A8F9A5F3E8}.Ad-Hoc|iPhone.Build.0 = Release|Any CPU
		{B79DDDA2-1EED-4EDE-8949-88A8F9A5F3E8}.Ad-Hoc|iPhone.Deploy.0 = Release|Any CPU
		{B79DDDA2-1EED-4EDE-8949-88A8F9A5F3E8}.Ad-Hoc|iPhoneSimulator.ActiveCfg = Release|Any CPU
		{B79DDDA2-1EED-4EDE-8949-88A8F9A5F3E8}.Ad-Hoc|iPhoneSimulator.Build.0 = Release|Any CPU
		{B79DDDA2-1EED-4EDE-8949-88A8F9A5F3E8}.Ad-Hoc|iPhoneSimulator.Deploy.0 = Release|Any CPU
		{B79DDDA2-1EED-4EDE-8949-88A8F9A5F3E8}.Ad-Hoc|x64.ActiveCfg = Release|Any CPU
		{B79DDDA2-1EED-4EDE-8949-88A8F9A5F3E8}.Ad-Hoc|x64.Build.0 = Release|Any CPU
		{B79DDDA2-1EED-4EDE-8949-88A8F9A5F3E8}.Ad-Hoc|x64.Deploy.0 = Release|Any CPU
		{B79DDDA2-1EED-4EDE-8949-88A8F9A5F3E8}.Ad-Hoc|x86.ActiveCfg = Release|Any CPU
		{B79DDDA2-1EED-4EDE-8949-88A8F9A5F3E8}.Ad-Hoc|x86.Build.0 = Release|Any CPU
		{B79DDDA2-1EED-4EDE-8949-88A8F9A5F3E8}.Ad-Hoc|x86.Deploy.0 = Release|Any CPU
		{B79DDDA2-1EED-4EDE-8949-88A8F9A5F3E8}.AppStore|Any CPU.ActiveCfg = Release|Any CPU
		{B79DDDA2-1EED-4EDE-8949-88A8F9A5F3E8}.AppStore|Any CPU.Build.0 = Release|Any CPU
		{B79DDDA2-1EED-4EDE-8949-88A8F9A5F3E8}.AppStore|Any CPU.Deploy.0 = Release|Any CPU
		{B79DDDA2-1EED-4EDE-8949-88A8F9A5F3E8}.AppStore|ARM.ActiveCfg = Release|Any CPU
		{B79DDDA2-1EED-4EDE-8949-88A8F9A5F3E8}.AppStore|ARM.Build.0 = Release|Any CPU
		{B79DDDA2-1EED-4EDE-8949-88A8F9A5F3E8}.AppStore|ARM.Deploy.0 = Release|Any CPU
		{B79DDDA2-1EED-4EDE-8949-88A8F9A5F3E8}.AppStore|iPhone.ActiveCfg = Release|Any CPU
		{B79DDDA2-1EED-4EDE-8949-88A8F9A5F3E8}.AppStore|iPhone.Build.0 = Release|Any CPU
		{B79DDDA2-1EED-4EDE-8949-88A8F9A5F3E8}.AppStore|iPhone.Deploy.0 = Release|Any CPU
		{B79DDDA2-1EED-4EDE-8949-88A8F9A5F3E8}.AppStore|iPhoneSimulator.ActiveCfg = Release|Any CPU
		{B79DDDA2-1EED-4EDE-8949-88A8F9A5F3E8}.AppStore|iPhoneSimulator.Build.0 = Release|Any CPU
		{B79DDDA2-1EED-4EDE-8949-88A8F9A5F3E8}.AppStore|iPhoneSimulator.Deploy.0 = Release|Any CPU
		{B79DDDA2-1EED-4EDE-8949-88A8F9A5F3E8}.AppStore|x64.ActiveCfg = Release|Any CPU
		{B79DDDA2-1EED-4EDE-8949-88A8F9A5F3E8}.AppStore|x64.Build.0 = Release|Any CPU
		{B79DDDA2-1EED-4EDE-8949-88A8F9A5F3E8}.AppStore|x64.Deploy.0 = Release|Any CPU
		{B79DDDA2-1EED-4EDE-8949-88A8F9A5F3E8}.AppStore|x86.ActiveCfg = Release|Any CPU
		{B79DDDA2-1EED-4EDE-8949-88A8F9A5F3E8}.AppStore|x86.Build.0 = Release|Any CPU
		{B79DDDA2-1EED-4EDE-8949-88A8F9A5F3E8}.AppStore|x86.Deploy.0 = Release|Any CPU
		{B79DDDA2-1EED-4EDE-8949-88A8F9A5F3E8}.Debug|Any CPU.ActiveCfg = Debug|Any CPU
		{B79DDDA2-1EED-4EDE-8949-88A8F9A5F3E8}.Debug|Any CPU.Build.0 = Debug|Any CPU
		{B79DDDA2-1EED-4EDE-8949-88A8F9A5F3E8}.Debug|Any CPU.Deploy.0 = Debug|Any CPU
		{B79DDDA2-1EED-4EDE-8949-88A8F9A5F3E8}.Debug|ARM.ActiveCfg = Debug|Any CPU
		{B79DDDA2-1EED-4EDE-8949-88A8F9A5F3E8}.Debug|ARM.Build.0 = Debug|Any CPU
		{B79DDDA2-1EED-4EDE-8949-88A8F9A5F3E8}.Debug|ARM.Deploy.0 = Debug|Any CPU
		{B79DDDA2-1EED-4EDE-8949-88A8F9A5F3E8}.Debug|iPhone.ActiveCfg = Debug|Any CPU
		{B79DDDA2-1EED-4EDE-8949-88A8F9A5F3E8}.Debug|iPhone.Build.0 = Debug|Any CPU
		{B79DDDA2-1EED-4EDE-8949-88A8F9A5F3E8}.Debug|iPhone.Deploy.0 = Debug|Any CPU
		{B79DDDA2-1EED-4EDE-8949-88A8F9A5F3E8}.Debug|iPhoneSimulator.ActiveCfg = Debug|Any CPU
		{B79DDDA2-1EED-4EDE-8949-88A8F9A5F3E8}.Debug|iPhoneSimulator.Build.0 = Debug|Any CPU
		{B79DDDA2-1EED-4EDE-8949-88A8F9A5F3E8}.Debug|iPhoneSimulator.Deploy.0 = Debug|Any CPU
		{B79DDDA2-1EED-4EDE-8949-88A8F9A5F3E8}.Debug|x64.ActiveCfg = Debug|Any CPU
		{B79DDDA2-1EED-4EDE-8949-88A8F9A5F3E8}.Debug|x64.Build.0 = Debug|Any CPU
		{B79DDDA2-1EED-4EDE-8949-88A8F9A5F3E8}.Debug|x64.Deploy.0 = Debug|Any CPU
		{B79DDDA2-1EED-4EDE-8949-88A8F9A5F3E8}.Debug|x86.ActiveCfg = Debug|Any CPU
		{B79DDDA2-1EED-4EDE-8949-88A8F9A5F3E8}.Debug|x86.Build.0 = Debug|Any CPU
		{B79DDDA2-1EED-4EDE-8949-88A8F9A5F3E8}.Debug|x86.Deploy.0 = Debug|Any CPU
		{B79DDDA2-1EED-4EDE-8949-88A8F9A5F3E8}.Release|Any CPU.ActiveCfg = Release|Any CPU
		{B79DDDA2-1EED-4EDE-8949-88A8F9A5F3E8}.Release|Any CPU.Build.0 = Release|Any CPU
		{B79DDDA2-1EED-4EDE-8949-88A8F9A5F3E8}.Release|Any CPU.Deploy.0 = Release|Any CPU
		{B79DDDA2-1EED-4EDE-8949-88A8F9A5F3E8}.Release|ARM.ActiveCfg = Release|Any CPU
		{B79DDDA2-1EED-4EDE-8949-88A8F9A5F3E8}.Release|ARM.Build.0 = Release|Any CPU
		{B79DDDA2-1EED-4EDE-8949-88A8F9A5F3E8}.Release|ARM.Deploy.0 = Release|Any CPU
		{B79DDDA2-1EED-4EDE-8949-88A8F9A5F3E8}.Release|iPhone.ActiveCfg = Release|Any CPU
		{B79DDDA2-1EED-4EDE-8949-88A8F9A5F3E8}.Release|iPhone.Build.0 = Release|Any CPU
		{B79DDDA2-1EED-4EDE-8949-88A8F9A5F3E8}.Release|iPhone.Deploy.0 = Release|Any CPU
		{B79DDDA2-1EED-4EDE-8949-88A8F9A5F3E8}.Release|iPhoneSimulator.ActiveCfg = Release|Any CPU
		{B79DDDA2-1EED-4EDE-8949-88A8F9A5F3E8}.Release|iPhoneSimulator.Build.0 = Release|Any CPU
		{B79DDDA2-1EED-4EDE-8949-88A8F9A5F3E8}.Release|iPhoneSimulator.Deploy.0 = Release|Any CPU
		{B79DDDA2-1EED-4EDE-8949-88A8F9A5F3E8}.Release|x64.ActiveCfg = Release|Any CPU
		{B79DDDA2-1EED-4EDE-8949-88A8F9A5F3E8}.Release|x64.Build.0 = Release|Any CPU
		{B79DDDA2-1EED-4EDE-8949-88A8F9A5F3E8}.Release|x64.Deploy.0 = Release|Any CPU
		{B79DDDA2-1EED-4EDE-8949-88A8F9A5F3E8}.Release|x86.ActiveCfg = Release|Any CPU
		{B79DDDA2-1EED-4EDE-8949-88A8F9A5F3E8}.Release|x86.Build.0 = Release|Any CPU
		{B79DDDA2-1EED-4EDE-8949-88A8F9A5F3E8}.Release|x86.Deploy.0 = Release|Any CPU
		{88BD06FF-1AA1-4EDD-94FE-AD2439665C76}.Ad-Hoc|Any CPU.ActiveCfg = Ad-Hoc|iPhone
		{88BD06FF-1AA1-4EDD-94FE-AD2439665C76}.Ad-Hoc|ARM.ActiveCfg = Ad-Hoc|iPhone
		{88BD06FF-1AA1-4EDD-94FE-AD2439665C76}.Ad-Hoc|iPhone.ActiveCfg = Ad-Hoc|iPhone
		{88BD06FF-1AA1-4EDD-94FE-AD2439665C76}.Ad-Hoc|iPhone.Build.0 = Ad-Hoc|iPhone
		{88BD06FF-1AA1-4EDD-94FE-AD2439665C76}.Ad-Hoc|iPhoneSimulator.ActiveCfg = Ad-Hoc|iPhoneSimulator
		{88BD06FF-1AA1-4EDD-94FE-AD2439665C76}.Ad-Hoc|iPhoneSimulator.Build.0 = Ad-Hoc|iPhoneSimulator
		{88BD06FF-1AA1-4EDD-94FE-AD2439665C76}.Ad-Hoc|x64.ActiveCfg = Ad-Hoc|iPhone
		{88BD06FF-1AA1-4EDD-94FE-AD2439665C76}.Ad-Hoc|x86.ActiveCfg = Ad-Hoc|iPhone
		{88BD06FF-1AA1-4EDD-94FE-AD2439665C76}.AppStore|Any CPU.ActiveCfg = AppStore|iPhone
		{88BD06FF-1AA1-4EDD-94FE-AD2439665C76}.AppStore|ARM.ActiveCfg = AppStore|iPhone
		{88BD06FF-1AA1-4EDD-94FE-AD2439665C76}.AppStore|iPhone.ActiveCfg = AppStore|iPhone
		{88BD06FF-1AA1-4EDD-94FE-AD2439665C76}.AppStore|iPhone.Build.0 = AppStore|iPhone
		{88BD06FF-1AA1-4EDD-94FE-AD2439665C76}.AppStore|iPhoneSimulator.ActiveCfg = AppStore|iPhoneSimulator
		{88BD06FF-1AA1-4EDD-94FE-AD2439665C76}.AppStore|iPhoneSimulator.Build.0 = AppStore|iPhoneSimulator
		{88BD06FF-1AA1-4EDD-94FE-AD2439665C76}.AppStore|x64.ActiveCfg = AppStore|iPhone
		{88BD06FF-1AA1-4EDD-94FE-AD2439665C76}.AppStore|x86.ActiveCfg = AppStore|iPhone
		{88BD06FF-1AA1-4EDD-94FE-AD2439665C76}.Debug|Any CPU.ActiveCfg = Debug|iPhone
		{88BD06FF-1AA1-4EDD-94FE-AD2439665C76}.Debug|ARM.ActiveCfg = Debug|iPhone
		{88BD06FF-1AA1-4EDD-94FE-AD2439665C76}.Debug|iPhone.ActiveCfg = Debug|iPhone
		{88BD06FF-1AA1-4EDD-94FE-AD2439665C76}.Debug|iPhone.Build.0 = Debug|iPhone
		{88BD06FF-1AA1-4EDD-94FE-AD2439665C76}.Debug|iPhoneSimulator.ActiveCfg = Debug|iPhoneSimulator
		{88BD06FF-1AA1-4EDD-94FE-AD2439665C76}.Debug|iPhoneSimulator.Build.0 = Debug|iPhoneSimulator
		{88BD06FF-1AA1-4EDD-94FE-AD2439665C76}.Debug|x64.ActiveCfg = Debug|iPhone
		{88BD06FF-1AA1-4EDD-94FE-AD2439665C76}.Debug|x86.ActiveCfg = Debug|iPhone
		{88BD06FF-1AA1-4EDD-94FE-AD2439665C76}.Release|Any CPU.ActiveCfg = Release|iPhone
		{88BD06FF-1AA1-4EDD-94FE-AD2439665C76}.Release|ARM.ActiveCfg = Release|iPhone
		{88BD06FF-1AA1-4EDD-94FE-AD2439665C76}.Release|iPhone.ActiveCfg = Release|iPhone
		{88BD06FF-1AA1-4EDD-94FE-AD2439665C76}.Release|iPhone.Build.0 = Release|iPhone
		{88BD06FF-1AA1-4EDD-94FE-AD2439665C76}.Release|iPhoneSimulator.ActiveCfg = Release|iPhoneSimulator
		{88BD06FF-1AA1-4EDD-94FE-AD2439665C76}.Release|iPhoneSimulator.Build.0 = Release|iPhoneSimulator
		{88BD06FF-1AA1-4EDD-94FE-AD2439665C76}.Release|x64.ActiveCfg = Release|iPhone
		{88BD06FF-1AA1-4EDD-94FE-AD2439665C76}.Release|x86.ActiveCfg = Release|iPhone
		{2F88700D-BC72-4CD9-946E-052217236D80}.Ad-Hoc|Any CPU.ActiveCfg = Release|Any CPU
		{2F88700D-BC72-4CD9-946E-052217236D80}.Ad-Hoc|Any CPU.Build.0 = Release|Any CPU
		{2F88700D-BC72-4CD9-946E-052217236D80}.Ad-Hoc|Any CPU.Deploy.0 = Release|Any CPU
		{2F88700D-BC72-4CD9-946E-052217236D80}.Ad-Hoc|ARM.ActiveCfg = Release|ARM
		{2F88700D-BC72-4CD9-946E-052217236D80}.Ad-Hoc|ARM.Build.0 = Release|ARM
		{2F88700D-BC72-4CD9-946E-052217236D80}.Ad-Hoc|ARM.Deploy.0 = Release|ARM
		{2F88700D-BC72-4CD9-946E-052217236D80}.Ad-Hoc|iPhone.ActiveCfg = Release|Any CPU
		{2F88700D-BC72-4CD9-946E-052217236D80}.Ad-Hoc|iPhone.Build.0 = Release|Any CPU
		{2F88700D-BC72-4CD9-946E-052217236D80}.Ad-Hoc|iPhone.Deploy.0 = Release|Any CPU
		{2F88700D-BC72-4CD9-946E-052217236D80}.Ad-Hoc|iPhoneSimulator.ActiveCfg = Release|Any CPU
		{2F88700D-BC72-4CD9-946E-052217236D80}.Ad-Hoc|iPhoneSimulator.Build.0 = Release|Any CPU
		{2F88700D-BC72-4CD9-946E-052217236D80}.Ad-Hoc|iPhoneSimulator.Deploy.0 = Release|Any CPU
		{2F88700D-BC72-4CD9-946E-052217236D80}.Ad-Hoc|x64.ActiveCfg = Release|Any CPU
		{2F88700D-BC72-4CD9-946E-052217236D80}.Ad-Hoc|x64.Build.0 = Release|Any CPU
		{2F88700D-BC72-4CD9-946E-052217236D80}.Ad-Hoc|x64.Deploy.0 = Release|Any CPU
		{2F88700D-BC72-4CD9-946E-052217236D80}.Ad-Hoc|x86.ActiveCfg = Release|x86
		{2F88700D-BC72-4CD9-946E-052217236D80}.Ad-Hoc|x86.Build.0 = Release|x86
		{2F88700D-BC72-4CD9-946E-052217236D80}.Ad-Hoc|x86.Deploy.0 = Release|x86
		{2F88700D-BC72-4CD9-946E-052217236D80}.AppStore|Any CPU.ActiveCfg = Release|Any CPU
		{2F88700D-BC72-4CD9-946E-052217236D80}.AppStore|Any CPU.Build.0 = Release|Any CPU
		{2F88700D-BC72-4CD9-946E-052217236D80}.AppStore|Any CPU.Deploy.0 = Release|Any CPU
		{2F88700D-BC72-4CD9-946E-052217236D80}.AppStore|ARM.ActiveCfg = Release|ARM
		{2F88700D-BC72-4CD9-946E-052217236D80}.AppStore|ARM.Build.0 = Release|ARM
		{2F88700D-BC72-4CD9-946E-052217236D80}.AppStore|ARM.Deploy.0 = Release|ARM
		{2F88700D-BC72-4CD9-946E-052217236D80}.AppStore|iPhone.ActiveCfg = Release|Any CPU
		{2F88700D-BC72-4CD9-946E-052217236D80}.AppStore|iPhone.Build.0 = Release|Any CPU
		{2F88700D-BC72-4CD9-946E-052217236D80}.AppStore|iPhone.Deploy.0 = Release|Any CPU
		{2F88700D-BC72-4CD9-946E-052217236D80}.AppStore|iPhoneSimulator.ActiveCfg = Release|Any CPU
		{2F88700D-BC72-4CD9-946E-052217236D80}.AppStore|iPhoneSimulator.Build.0 = Release|Any CPU
		{2F88700D-BC72-4CD9-946E-052217236D80}.AppStore|iPhoneSimulator.Deploy.0 = Release|Any CPU
		{2F88700D-BC72-4CD9-946E-052217236D80}.AppStore|x64.ActiveCfg = Release|Any CPU
		{2F88700D-BC72-4CD9-946E-052217236D80}.AppStore|x64.Build.0 = Release|Any CPU
		{2F88700D-BC72-4CD9-946E-052217236D80}.AppStore|x64.Deploy.0 = Release|Any CPU
		{2F88700D-BC72-4CD9-946E-052217236D80}.AppStore|x86.ActiveCfg = Release|x86
		{2F88700D-BC72-4CD9-946E-052217236D80}.AppStore|x86.Build.0 = Release|x86
		{2F88700D-BC72-4CD9-946E-052217236D80}.AppStore|x86.Deploy.0 = Release|x86
		{2F88700D-BC72-4CD9-946E-052217236D80}.Debug|Any CPU.ActiveCfg = Debug|Any CPU
		{2F88700D-BC72-4CD9-946E-052217236D80}.Debug|Any CPU.Build.0 = Debug|Any CPU
		{2F88700D-BC72-4CD9-946E-052217236D80}.Debug|Any CPU.Deploy.0 = Debug|Any CPU
		{2F88700D-BC72-4CD9-946E-052217236D80}.Debug|ARM.ActiveCfg = Debug|ARM
		{2F88700D-BC72-4CD9-946E-052217236D80}.Debug|ARM.Build.0 = Debug|ARM
		{2F88700D-BC72-4CD9-946E-052217236D80}.Debug|ARM.Deploy.0 = Debug|ARM
		{2F88700D-BC72-4CD9-946E-052217236D80}.Debug|iPhone.ActiveCfg = Debug|Any CPU
		{2F88700D-BC72-4CD9-946E-052217236D80}.Debug|iPhone.Build.0 = Debug|Any CPU
		{2F88700D-BC72-4CD9-946E-052217236D80}.Debug|iPhone.Deploy.0 = Debug|Any CPU
		{2F88700D-BC72-4CD9-946E-052217236D80}.Debug|iPhoneSimulator.ActiveCfg = Debug|Any CPU
		{2F88700D-BC72-4CD9-946E-052217236D80}.Debug|iPhoneSimulator.Build.0 = Debug|Any CPU
		{2F88700D-BC72-4CD9-946E-052217236D80}.Debug|iPhoneSimulator.Deploy.0 = Debug|Any CPU
		{2F88700D-BC72-4CD9-946E-052217236D80}.Debug|x64.ActiveCfg = Debug|Any CPU
		{2F88700D-BC72-4CD9-946E-052217236D80}.Debug|x64.Build.0 = Debug|Any CPU
		{2F88700D-BC72-4CD9-946E-052217236D80}.Debug|x64.Deploy.0 = Debug|Any CPU
		{2F88700D-BC72-4CD9-946E-052217236D80}.Debug|x86.ActiveCfg = Debug|x86
		{2F88700D-BC72-4CD9-946E-052217236D80}.Debug|x86.Build.0 = Debug|x86
		{2F88700D-BC72-4CD9-946E-052217236D80}.Debug|x86.Deploy.0 = Debug|x86
		{2F88700D-BC72-4CD9-946E-052217236D80}.Release|Any CPU.ActiveCfg = Release|Any CPU
		{2F88700D-BC72-4CD9-946E-052217236D80}.Release|Any CPU.Build.0 = Release|Any CPU
		{2F88700D-BC72-4CD9-946E-052217236D80}.Release|Any CPU.Deploy.0 = Release|Any CPU
		{2F88700D-BC72-4CD9-946E-052217236D80}.Release|ARM.ActiveCfg = Release|ARM
		{2F88700D-BC72-4CD9-946E-052217236D80}.Release|ARM.Build.0 = Release|ARM
		{2F88700D-BC72-4CD9-946E-052217236D80}.Release|ARM.Deploy.0 = Release|ARM
		{2F88700D-BC72-4CD9-946E-052217236D80}.Release|iPhone.ActiveCfg = Release|Any CPU
		{2F88700D-BC72-4CD9-946E-052217236D80}.Release|iPhone.Build.0 = Release|Any CPU
		{2F88700D-BC72-4CD9-946E-052217236D80}.Release|iPhone.Deploy.0 = Release|Any CPU
		{2F88700D-BC72-4CD9-946E-052217236D80}.Release|iPhoneSimulator.ActiveCfg = Release|Any CPU
		{2F88700D-BC72-4CD9-946E-052217236D80}.Release|iPhoneSimulator.Build.0 = Release|Any CPU
		{2F88700D-BC72-4CD9-946E-052217236D80}.Release|iPhoneSimulator.Deploy.0 = Release|Any CPU
		{2F88700D-BC72-4CD9-946E-052217236D80}.Release|x64.ActiveCfg = Release|Any CPU
		{2F88700D-BC72-4CD9-946E-052217236D80}.Release|x64.Build.0 = Release|Any CPU
		{2F88700D-BC72-4CD9-946E-052217236D80}.Release|x64.Deploy.0 = Release|Any CPU
		{2F88700D-BC72-4CD9-946E-052217236D80}.Release|x86.ActiveCfg = Release|x86
		{2F88700D-BC72-4CD9-946E-052217236D80}.Release|x86.Build.0 = Release|x86
		{2F88700D-BC72-4CD9-946E-052217236D80}.Release|x86.Deploy.0 = Release|x86
		{2C14A12C-247E-48A9-9004-F7C88C6CAAAC}.Ad-Hoc|Any CPU.ActiveCfg = Release|x86
		{2C14A12C-247E-48A9-9004-F7C88C6CAAAC}.Ad-Hoc|Any CPU.Build.0 = Release|x86
		{2C14A12C-247E-48A9-9004-F7C88C6CAAAC}.Ad-Hoc|Any CPU.Deploy.0 = Release|x86
		{2C14A12C-247E-48A9-9004-F7C88C6CAAAC}.Ad-Hoc|ARM.ActiveCfg = Release|ARM
		{2C14A12C-247E-48A9-9004-F7C88C6CAAAC}.Ad-Hoc|ARM.Build.0 = Release|ARM
		{2C14A12C-247E-48A9-9004-F7C88C6CAAAC}.Ad-Hoc|ARM.Deploy.0 = Release|ARM
		{2C14A12C-247E-48A9-9004-F7C88C6CAAAC}.Ad-Hoc|iPhone.ActiveCfg = Release|x86
		{2C14A12C-247E-48A9-9004-F7C88C6CAAAC}.Ad-Hoc|iPhone.Build.0 = Release|x86
		{2C14A12C-247E-48A9-9004-F7C88C6CAAAC}.Ad-Hoc|iPhone.Deploy.0 = Release|x86
		{2C14A12C-247E-48A9-9004-F7C88C6CAAAC}.Ad-Hoc|iPhoneSimulator.ActiveCfg = Release|x86
		{2C14A12C-247E-48A9-9004-F7C88C6CAAAC}.Ad-Hoc|iPhoneSimulator.Build.0 = Release|x86
		{2C14A12C-247E-48A9-9004-F7C88C6CAAAC}.Ad-Hoc|iPhoneSimulator.Deploy.0 = Release|x86
		{2C14A12C-247E-48A9-9004-F7C88C6CAAAC}.Ad-Hoc|x64.ActiveCfg = Release|x64
		{2C14A12C-247E-48A9-9004-F7C88C6CAAAC}.Ad-Hoc|x64.Build.0 = Release|x64
		{2C14A12C-247E-48A9-9004-F7C88C6CAAAC}.Ad-Hoc|x64.Deploy.0 = Release|x64
		{2C14A12C-247E-48A9-9004-F7C88C6CAAAC}.Ad-Hoc|x86.ActiveCfg = Release|x86
		{2C14A12C-247E-48A9-9004-F7C88C6CAAAC}.Ad-Hoc|x86.Build.0 = Release|x86
		{2C14A12C-247E-48A9-9004-F7C88C6CAAAC}.Ad-Hoc|x86.Deploy.0 = Release|x86
		{2C14A12C-247E-48A9-9004-F7C88C6CAAAC}.AppStore|Any CPU.ActiveCfg = Release|x86
		{2C14A12C-247E-48A9-9004-F7C88C6CAAAC}.AppStore|Any CPU.Build.0 = Release|x86
		{2C14A12C-247E-48A9-9004-F7C88C6CAAAC}.AppStore|Any CPU.Deploy.0 = Release|x86
		{2C14A12C-247E-48A9-9004-F7C88C6CAAAC}.AppStore|ARM.ActiveCfg = Release|ARM
		{2C14A12C-247E-48A9-9004-F7C88C6CAAAC}.AppStore|ARM.Build.0 = Release|ARM
		{2C14A12C-247E-48A9-9004-F7C88C6CAAAC}.AppStore|ARM.Deploy.0 = Release|ARM
		{2C14A12C-247E-48A9-9004-F7C88C6CAAAC}.AppStore|iPhone.ActiveCfg = Release|x86
		{2C14A12C-247E-48A9-9004-F7C88C6CAAAC}.AppStore|iPhone.Build.0 = Release|x86
		{2C14A12C-247E-48A9-9004-F7C88C6CAAAC}.AppStore|iPhone.Deploy.0 = Release|x86
		{2C14A12C-247E-48A9-9004-F7C88C6CAAAC}.AppStore|iPhoneSimulator.ActiveCfg = Release|x86
		{2C14A12C-247E-48A9-9004-F7C88C6CAAAC}.AppStore|iPhoneSimulator.Build.0 = Release|x86
		{2C14A12C-247E-48A9-9004-F7C88C6CAAAC}.AppStore|iPhoneSimulator.Deploy.0 = Release|x86
		{2C14A12C-247E-48A9-9004-F7C88C6CAAAC}.AppStore|x64.ActiveCfg = Release|x64
		{2C14A12C-247E-48A9-9004-F7C88C6CAAAC}.AppStore|x64.Build.0 = Release|x64
		{2C14A12C-247E-48A9-9004-F7C88C6CAAAC}.AppStore|x64.Deploy.0 = Release|x64
		{2C14A12C-247E-48A9-9004-F7C88C6CAAAC}.AppStore|x86.ActiveCfg = Release|x86
		{2C14A12C-247E-48A9-9004-F7C88C6CAAAC}.AppStore|x86.Build.0 = Release|x86
		{2C14A12C-247E-48A9-9004-F7C88C6CAAAC}.AppStore|x86.Deploy.0 = Release|x86
		{2C14A12C-247E-48A9-9004-F7C88C6CAAAC}.Debug|Any CPU.ActiveCfg = Debug|x86
		{2C14A12C-247E-48A9-9004-F7C88C6CAAAC}.Debug|ARM.ActiveCfg = Debug|ARM
		{2C14A12C-247E-48A9-9004-F7C88C6CAAAC}.Debug|ARM.Build.0 = Debug|ARM
		{2C14A12C-247E-48A9-9004-F7C88C6CAAAC}.Debug|ARM.Deploy.0 = Debug|ARM
		{2C14A12C-247E-48A9-9004-F7C88C6CAAAC}.Debug|iPhone.ActiveCfg = Debug|x86
		{2C14A12C-247E-48A9-9004-F7C88C6CAAAC}.Debug|iPhoneSimulator.ActiveCfg = Debug|x86
		{2C14A12C-247E-48A9-9004-F7C88C6CAAAC}.Debug|x64.ActiveCfg = Debug|x64
		{2C14A12C-247E-48A9-9004-F7C88C6CAAAC}.Debug|x64.Build.0 = Debug|x64
		{2C14A12C-247E-48A9-9004-F7C88C6CAAAC}.Debug|x64.Deploy.0 = Debug|x64
		{2C14A12C-247E-48A9-9004-F7C88C6CAAAC}.Debug|x86.ActiveCfg = Debug|x86
		{2C14A12C-247E-48A9-9004-F7C88C6CAAAC}.Debug|x86.Build.0 = Debug|x86
		{2C14A12C-247E-48A9-9004-F7C88C6CAAAC}.Debug|x86.Deploy.0 = Debug|x86
		{2C14A12C-247E-48A9-9004-F7C88C6CAAAC}.Release|Any CPU.ActiveCfg = Release|x86
		{2C14A12C-247E-48A9-9004-F7C88C6CAAAC}.Release|ARM.ActiveCfg = Release|ARM
		{2C14A12C-247E-48A9-9004-F7C88C6CAAAC}.Release|ARM.Build.0 = Release|ARM
		{2C14A12C-247E-48A9-9004-F7C88C6CAAAC}.Release|ARM.Deploy.0 = Release|ARM
		{2C14A12C-247E-48A9-9004-F7C88C6CAAAC}.Release|iPhone.ActiveCfg = Release|x86
		{2C14A12C-247E-48A9-9004-F7C88C6CAAAC}.Release|iPhoneSimulator.ActiveCfg = Release|x86
		{2C14A12C-247E-48A9-9004-F7C88C6CAAAC}.Release|x64.ActiveCfg = Release|x64
		{2C14A12C-247E-48A9-9004-F7C88C6CAAAC}.Release|x64.Build.0 = Release|x64
		{2C14A12C-247E-48A9-9004-F7C88C6CAAAC}.Release|x64.Deploy.0 = Release|x64
		{2C14A12C-247E-48A9-9004-F7C88C6CAAAC}.Release|x86.ActiveCfg = Release|x86
		{2C14A12C-247E-48A9-9004-F7C88C6CAAAC}.Release|x86.Build.0 = Release|x86
		{2C14A12C-247E-48A9-9004-F7C88C6CAAAC}.Release|x86.Deploy.0 = Release|x86
		{0ADC7EDB-6F20-4362-BBED-CC7D0F6415D2}.Ad-Hoc|Any CPU.ActiveCfg = Release|Any CPU
		{0ADC7EDB-6F20-4362-BBED-CC7D0F6415D2}.Ad-Hoc|Any CPU.Build.0 = Release|Any CPU
		{0ADC7EDB-6F20-4362-BBED-CC7D0F6415D2}.Ad-Hoc|Any CPU.Deploy.0 = Release|Any CPU
		{0ADC7EDB-6F20-4362-BBED-CC7D0F6415D2}.Ad-Hoc|ARM.ActiveCfg = Release|ARM
		{0ADC7EDB-6F20-4362-BBED-CC7D0F6415D2}.Ad-Hoc|ARM.Build.0 = Release|ARM
		{0ADC7EDB-6F20-4362-BBED-CC7D0F6415D2}.Ad-Hoc|ARM.Deploy.0 = Release|ARM
		{0ADC7EDB-6F20-4362-BBED-CC7D0F6415D2}.Ad-Hoc|iPhone.ActiveCfg = Release|Any CPU
		{0ADC7EDB-6F20-4362-BBED-CC7D0F6415D2}.Ad-Hoc|iPhone.Build.0 = Release|Any CPU
		{0ADC7EDB-6F20-4362-BBED-CC7D0F6415D2}.Ad-Hoc|iPhone.Deploy.0 = Release|Any CPU
		{0ADC7EDB-6F20-4362-BBED-CC7D0F6415D2}.Ad-Hoc|iPhoneSimulator.ActiveCfg = Release|Any CPU
		{0ADC7EDB-6F20-4362-BBED-CC7D0F6415D2}.Ad-Hoc|iPhoneSimulator.Build.0 = Release|Any CPU
		{0ADC7EDB-6F20-4362-BBED-CC7D0F6415D2}.Ad-Hoc|iPhoneSimulator.Deploy.0 = Release|Any CPU
		{0ADC7EDB-6F20-4362-BBED-CC7D0F6415D2}.Ad-Hoc|x64.ActiveCfg = Release|x64
		{0ADC7EDB-6F20-4362-BBED-CC7D0F6415D2}.Ad-Hoc|x64.Build.0 = Release|x64
		{0ADC7EDB-6F20-4362-BBED-CC7D0F6415D2}.Ad-Hoc|x64.Deploy.0 = Release|x64
		{0ADC7EDB-6F20-4362-BBED-CC7D0F6415D2}.Ad-Hoc|x86.ActiveCfg = Release|x86
		{0ADC7EDB-6F20-4362-BBED-CC7D0F6415D2}.Ad-Hoc|x86.Build.0 = Release|x86
		{0ADC7EDB-6F20-4362-BBED-CC7D0F6415D2}.Ad-Hoc|x86.Deploy.0 = Release|x86
		{0ADC7EDB-6F20-4362-BBED-CC7D0F6415D2}.AppStore|Any CPU.ActiveCfg = Release|Any CPU
		{0ADC7EDB-6F20-4362-BBED-CC7D0F6415D2}.AppStore|Any CPU.Build.0 = Release|Any CPU
		{0ADC7EDB-6F20-4362-BBED-CC7D0F6415D2}.AppStore|Any CPU.Deploy.0 = Release|Any CPU
		{0ADC7EDB-6F20-4362-BBED-CC7D0F6415D2}.AppStore|ARM.ActiveCfg = Release|ARM
		{0ADC7EDB-6F20-4362-BBED-CC7D0F6415D2}.AppStore|ARM.Build.0 = Release|ARM
		{0ADC7EDB-6F20-4362-BBED-CC7D0F6415D2}.AppStore|ARM.Deploy.0 = Release|ARM
		{0ADC7EDB-6F20-4362-BBED-CC7D0F6415D2}.AppStore|iPhone.ActiveCfg = Release|Any CPU
		{0ADC7EDB-6F20-4362-BBED-CC7D0F6415D2}.AppStore|iPhone.Build.0 = Release|Any CPU
		{0ADC7EDB-6F20-4362-BBED-CC7D0F6415D2}.AppStore|iPhone.Deploy.0 = Release|Any CPU
		{0ADC7EDB-6F20-4362-BBED-CC7D0F6415D2}.AppStore|iPhoneSimulator.ActiveCfg = Release|Any CPU
		{0ADC7EDB-6F20-4362-BBED-CC7D0F6415D2}.AppStore|iPhoneSimulator.Build.0 = Release|Any CPU
		{0ADC7EDB-6F20-4362-BBED-CC7D0F6415D2}.AppStore|iPhoneSimulator.Deploy.0 = Release|Any CPU
		{0ADC7EDB-6F20-4362-BBED-CC7D0F6415D2}.AppStore|x64.ActiveCfg = Release|x64
		{0ADC7EDB-6F20-4362-BBED-CC7D0F6415D2}.AppStore|x64.Build.0 = Release|x64
		{0ADC7EDB-6F20-4362-BBED-CC7D0F6415D2}.AppStore|x64.Deploy.0 = Release|x64
		{0ADC7EDB-6F20-4362-BBED-CC7D0F6415D2}.AppStore|x86.ActiveCfg = Release|x86
		{0ADC7EDB-6F20-4362-BBED-CC7D0F6415D2}.AppStore|x86.Build.0 = Release|x86
		{0ADC7EDB-6F20-4362-BBED-CC7D0F6415D2}.AppStore|x86.Deploy.0 = Release|x86
		{0ADC7EDB-6F20-4362-BBED-CC7D0F6415D2}.Debug|Any CPU.ActiveCfg = Debug|Any CPU
		{0ADC7EDB-6F20-4362-BBED-CC7D0F6415D2}.Debug|Any CPU.Build.0 = Debug|Any CPU
		{0ADC7EDB-6F20-4362-BBED-CC7D0F6415D2}.Debug|Any CPU.Deploy.0 = Debug|Any CPU
		{0ADC7EDB-6F20-4362-BBED-CC7D0F6415D2}.Debug|ARM.ActiveCfg = Debug|ARM
		{0ADC7EDB-6F20-4362-BBED-CC7D0F6415D2}.Debug|ARM.Build.0 = Debug|ARM
		{0ADC7EDB-6F20-4362-BBED-CC7D0F6415D2}.Debug|ARM.Deploy.0 = Debug|ARM
		{0ADC7EDB-6F20-4362-BBED-CC7D0F6415D2}.Debug|iPhone.ActiveCfg = Debug|Any CPU
		{0ADC7EDB-6F20-4362-BBED-CC7D0F6415D2}.Debug|iPhone.Build.0 = Debug|Any CPU
		{0ADC7EDB-6F20-4362-BBED-CC7D0F6415D2}.Debug|iPhone.Deploy.0 = Debug|Any CPU
		{0ADC7EDB-6F20-4362-BBED-CC7D0F6415D2}.Debug|iPhoneSimulator.ActiveCfg = Debug|Any CPU
		{0ADC7EDB-6F20-4362-BBED-CC7D0F6415D2}.Debug|iPhoneSimulator.Build.0 = Debug|Any CPU
		{0ADC7EDB-6F20-4362-BBED-CC7D0F6415D2}.Debug|iPhoneSimulator.Deploy.0 = Debug|Any CPU
		{0ADC7EDB-6F20-4362-BBED-CC7D0F6415D2}.Debug|x64.ActiveCfg = Debug|x64
		{0ADC7EDB-6F20-4362-BBED-CC7D0F6415D2}.Debug|x64.Build.0 = Debug|x64
		{0ADC7EDB-6F20-4362-BBED-CC7D0F6415D2}.Debug|x64.Deploy.0 = Debug|x64
		{0ADC7EDB-6F20-4362-BBED-CC7D0F6415D2}.Debug|x86.ActiveCfg = Debug|x86
		{0ADC7EDB-6F20-4362-BBED-CC7D0F6415D2}.Debug|x86.Build.0 = Debug|x86
		{0ADC7EDB-6F20-4362-BBED-CC7D0F6415D2}.Debug|x86.Deploy.0 = Debug|x86
		{0ADC7EDB-6F20-4362-BBED-CC7D0F6415D2}.Release|Any CPU.ActiveCfg = Release|Any CPU
		{0ADC7EDB-6F20-4362-BBED-CC7D0F6415D2}.Release|Any CPU.Build.0 = Release|Any CPU
		{0ADC7EDB-6F20-4362-BBED-CC7D0F6415D2}.Release|Any CPU.Deploy.0 = Release|Any CPU
		{0ADC7EDB-6F20-4362-BBED-CC7D0F6415D2}.Release|ARM.ActiveCfg = Release|ARM
		{0ADC7EDB-6F20-4362-BBED-CC7D0F6415D2}.Release|ARM.Build.0 = Release|ARM
		{0ADC7EDB-6F20-4362-BBED-CC7D0F6415D2}.Release|ARM.Deploy.0 = Release|ARM
		{0ADC7EDB-6F20-4362-BBED-CC7D0F6415D2}.Release|iPhone.ActiveCfg = Release|Any CPU
		{0ADC7EDB-6F20-4362-BBED-CC7D0F6415D2}.Release|iPhone.Build.0 = Release|Any CPU
		{0ADC7EDB-6F20-4362-BBED-CC7D0F6415D2}.Release|iPhone.Deploy.0 = Release|Any CPU
		{0ADC7EDB-6F20-4362-BBED-CC7D0F6415D2}.Release|iPhoneSimulator.ActiveCfg = Release|Any CPU
		{0ADC7EDB-6F20-4362-BBED-CC7D0F6415D2}.Release|iPhoneSimulator.Build.0 = Release|Any CPU
		{0ADC7EDB-6F20-4362-BBED-CC7D0F6415D2}.Release|iPhoneSimulator.Deploy.0 = Release|Any CPU
		{0ADC7EDB-6F20-4362-BBED-CC7D0F6415D2}.Release|x64.ActiveCfg = Release|x64
		{0ADC7EDB-6F20-4362-BBED-CC7D0F6415D2}.Release|x64.Build.0 = Release|x64
		{0ADC7EDB-6F20-4362-BBED-CC7D0F6415D2}.Release|x64.Deploy.0 = Release|x64
		{0ADC7EDB-6F20-4362-BBED-CC7D0F6415D2}.Release|x86.ActiveCfg = Release|x86
		{0ADC7EDB-6F20-4362-BBED-CC7D0F6415D2}.Release|x86.Build.0 = Release|x86
		{0ADC7EDB-6F20-4362-BBED-CC7D0F6415D2}.Release|x86.Deploy.0 = Release|x86
	EndGlobalSection
	GlobalSection(SolutionProperties) = preSolution
		HideSolutionNode = FALSE
	EndGlobalSection
EndGlobal
